
Microsoft Visual Studio Solution File, Format Version 12.00
# Visual Studio Version 16
VisualStudioVersion = 16.0.29926.136
MinimumVisualStudioVersion = 10.0.40219.1
Project("{FAE04EC0-301F-11D3-BF4B-00C04F79EFBC}") = "EncryptionAndAuthentication", "EncryptionAndAuthentication.csproj", "{19897286-F06A-493E-A2CA-22B04E2D9925}"
EndProject
Global
	GlobalSection(SolutionConfigurationPlatforms) = preSolution
		Debug|Any CPU = Debug|Any CPU
		Release|Any CPU = Release|Any CPU
	EndGlobalSection
	GlobalSection(ProjectConfigurationPlatforms) = postSolution
		{19897286-F06A-493E-A2CA-22B04E2D9925}.Debug|Any CPU.ActiveCfg = Debug|Any CPU
		{19897286-F06A-493E-A2CA-22B04E2D9925}.Debug|Any CPU.Build.0 = Debug|Any CPU
		{19897286-F06A-493E-A2CA-22B04E2D9925}.Release|Any CPU.ActiveCfg = Release|Any CPU
		{19897286-F06A-493E-A2CA-22B04E2D9925}.Release|Any CPU.Build.0 = Release|Any CPU
	EndGlobalSection
	GlobalSection(SolutionProperties) = preSolution
		HideSolutionNode = FALSE
	EndGlobalSection
	GlobalSection(ExtensibilityGlobals) = postSolution
		SolutionGuid = {E3316548-3AB9-49B2-8B7C-F1F11203088C}
	EndGlobalSection
EndGlobal
